
Microsoft Visual Studio Solution File, Format Version 12.00
# Visual Studio Version 16
VisualStudioVersion = 16.0.31424.327
MinimumVisualStudioVersion = 10.0.40219.1
Project("{FAE04EC0-301F-11D3-BF4B-00C04F79EFBC}") = "Eng91FinalProject", "Eng91FinalProject\Eng91FinalProject.csproj", "{7F4A7E09-B6F6-4700-AAC2-31C72E8E3119}"
EndProject
Global
	GlobalSection(SolutionConfigurationPlatforms) = preSolution
		Debug|Any CPU = Debug|Any CPU
		Release|Any CPU = Release|Any CPU
	EndGlobalSection
	GlobalSection(ProjectConfigurationPlatforms) = postSolution
		{7F4A7E09-B6F6-4700-AAC2-31C72E8E3119}.Debug|Any CPU.ActiveCfg = Debug|Any CPU
		{7F4A7E09-B6F6-4700-AAC2-31C72E8E3119}.Debug|Any CPU.Build.0 = Debug|Any CPU
		{7F4A7E09-B6F6-4700-AAC2-31C72E8E3119}.Release|Any CPU.ActiveCfg = Release|Any CPU
		{7F4A7E09-B6F6-4700-AAC2-31C72E8E3119}.Release|Any CPU.Build.0 = Release|Any CPU
	EndGlobalSection
	GlobalSection(SolutionProperties) = preSolution
		HideSolutionNode = FALSE
	EndGlobalSection
	GlobalSection(ExtensibilityGlobals) = postSolution
		SolutionGuid = {A5DC5448-80A5-4E00-B7FE-3CD81730B714}
	EndGlobalSection
EndGlobal
